// !$*UTF8*$!
{
	archiveVersion = 1;
	classes = {
	};
	objectVersion = 46;
	objects = {

/* Begin PBXBuildFile section */
		E8C4042C1E37C8DB00BA4D9F /* AppDelegate.swift in Sources */ = {isa = PBXBuildFile; fileRef = E8C4042B1E37C8DB00BA4D9F /* AppDelegate.swift */; };
		E8C4042E1E37C8DB00BA4D9F /* ContactListViewController.swift in Sources */ = {isa = PBXBuildFile; fileRef = E8C4042D1E37C8DB00BA4D9F /* ContactListViewController.swift */; };
		E8C404301E37C8DB00BA4D9F /* ContactDetailViewController.swift in Sources */ = {isa = PBXBuildFile; fileRef = E8C4042F1E37C8DB00BA4D9F /* ContactDetailViewController.swift */; };
		E8C404331E37C8DB00BA4D9F /* Main.storyboard in Resources */ = {isa = PBXBuildFile; fileRef = E8C404311E37C8DB00BA4D9F /* Main.storyboard */; };
		E8C404351E37C8DB00BA4D9F /* Assets.xcassets in Resources */ = {isa = PBXBuildFile; fileRef = E8C404341E37C8DB00BA4D9F /* Assets.xcassets */; };
		E8C404381E37C8DB00BA4D9F /* LaunchScreen.storyboard in Resources */ = {isa = PBXBuildFile; fileRef = E8C404361E37C8DB00BA4D9F /* LaunchScreen.storyboard */; };
		E8C404431E37C8DB00BA4D9F /* AddressBookSplitTests.swift in Sources */ = {isa = PBXBuildFile; fileRef = E8C404421E37C8DB00BA4D9F /* AddressBookSplitTests.swift */; };
		E8C4044E1E37C8DB00BA4D9F /* AddressBookSplitUITests.swift in Sources */ = {isa = PBXBuildFile; fileRef = E8C4044D1E37C8DB00BA4D9F /* AddressBookSplitUITests.swift */; };
		E8C404601E37CBAE00BA4D9F /* Contact.swift in Sources */ = {isa = PBXBuildFile; fileRef = E8C4045F1E37CBAE00BA4D9F /* Contact.swift */; };
/* End PBXBuildFile section */

/* Begin PBXContainerItemProxy section */
		E8C4043F1E37C8DB00BA4D9F /* PBXContainerItemProxy */ = {
			isa = PBXContainerItemProxy;
			containerPortal = E8C404201E37C8DB00BA4D9F /* Project object */;
			proxyType = 1;
			remoteGlobalIDString = E8C404271E37C8DB00BA4D9F;
			remoteInfo = AddressBookSplit;
		};
		E8C4044A1E37C8DB00BA4D9F /* PBXContainerItemProxy */ = {
			isa = PBXContainerItemProxy;
			containerPortal = E8C404201E37C8DB00BA4D9F /* Project object */;
			proxyType = 1;
			remoteGlobalIDString = E8C404271E37C8DB00BA4D9F;
			remoteInfo = AddressBookSplit;
		};
/* End PBXContainerItemProxy section */

/* Begin PBXFileReference section */
		E8C404281E37C8DB00BA4D9F /* AddressBookSplit.app */ = {isa = PBXFileReference; explicitFileType = wrapper.application; includeInIndex = 0; path = AddressBookSplit.app; sourceTree = BUILT_PRODUCTS_DIR; };
		E8C4042B1E37C8DB00BA4D9F /* AppDelegate.swift */ = {isa = PBXFileReference; lastKnownFileType = sourcecode.swift; path = AppDelegate.swift; sourceTree = "<group>"; };
		E8C4042D1E37C8DB00BA4D9F /* ContactListViewController.swift */ = {isa = PBXFileReference; lastKnownFileType = sourcecode.swift; path = ContactListViewController.swift; sourceTree = "<group>"; };
		E8C4042F1E37C8DB00BA4D9F /* ContactDetailViewController.swift */ = {isa = PBXFileReference; lastKnownFileType = sourcecode.swift; path = ContactDetailViewController.swift; sourceTree = "<group>"; };
		E8C404321E37C8DB00BA4D9F /* Base */ = {isa = PBXFileReference; lastKnownFileType = file.storyboard; name = Base; path = Base.lproj/Main.storyboard; sourceTree = "<group>"; };
		E8C404341E37C8DB00BA4D9F /* Assets.xcassets */ = {isa = PBXFileReference; lastKnownFileType = folder.assetcatalog; path = Assets.xcassets; sourceTree = "<group>"; };
		E8C404371E37C8DB00BA4D9F /* Base */ = {isa = PBXFileReference; lastKnownFileType = file.storyboard; name = Base; path = Base.lproj/LaunchScreen.storyboard; sourceTree = "<group>"; };
		E8C404391E37C8DB00BA4D9F /* Info.plist */ = {isa = PBXFileReference; lastKnownFileType = text.plist.xml; path = Info.plist; sourceTree = "<group>"; };
		E8C4043E1E37C8DB00BA4D9F /* AddressBookSplitTests.xctest */ = {isa = PBXFileReference; explicitFileType = wrapper.cfbundle; includeInIndex = 0; path = AddressBookSplitTests.xctest; sourceTree = BUILT_PRODUCTS_DIR; };
		E8C404421E37C8DB00BA4D9F /* AddressBookSplitTests.swift */ = {isa = PBXFileReference; lastKnownFileType = sourcecode.swift; path = AddressBookSplitTests.swift; sourceTree = "<group>"; };
		E8C404441E37C8DB00BA4D9F /* Info.plist */ = {isa = PBXFileReference; lastKnownFileType = text.plist.xml; path = Info.plist; sourceTree = "<group>"; };
		E8C404491E37C8DB00BA4D9F /* AddressBookSplitUITests.xctest */ = {isa = PBXFileReference; explicitFileType = wrapper.cfbundle; includeInIndex = 0; path = AddressBookSplitUITests.xctest; sourceTree = BUILT_PRODUCTS_DIR; };
		E8C4044D1E37C8DB00BA4D9F /* AddressBookSplitUITests.swift */ = {isa = PBXFileReference; lastKnownFileType = sourcecode.swift; path = AddressBookSplitUITests.swift; sourceTree = "<group>"; };
		E8C4044F1E37C8DB00BA4D9F /* Info.plist */ = {isa = PBXFileReference; lastKnownFileType = text.plist.xml; path = Info.plist; sourceTree = "<group>"; };
		E8C4045F1E37CBAE00BA4D9F /* Contact.swift */ = {isa = PBXFileReference; fileEncoding = 4; lastKnownFileType = sourcecode.swift; path = Contact.swift; sourceTree = "<group>"; };
/* End PBXFileReference section */

/* Begin PBXFrameworksBuildPhase section */
		E8C404251E37C8DB00BA4D9F /* Frameworks */ = {
			isa = PBXFrameworksBuildPhase;
			buildActionMask = 2147483647;
			files = (
			);
			runOnlyForDeploymentPostprocessing = 0;
		};
		E8C4043B1E37C8DB00BA4D9F /* Frameworks */ = {
			isa = PBXFrameworksBuildPhase;
			buildActionMask = 2147483647;
			files = (
			);
			runOnlyForDeploymentPostprocessing = 0;
		};
		E8C404461E37C8DB00BA4D9F /* Frameworks */ = {
			isa = PBXFrameworksBuildPhase;
			buildActionMask = 2147483647;
			files = (
			);
			runOnlyForDeploymentPostprocessing = 0;
		};
/* End PBXFrameworksBuildPhase section */

/* Begin PBXGroup section */
		E8C4041F1E37C8DB00BA4D9F = {
			isa = PBXGroup;
			children = (
				E8C4042A1E37C8DB00BA4D9F /* AddressBookSplit */,
				E8C404411E37C8DB00BA4D9F /* AddressBookSplitTests */,
				E8C4044C1E37C8DB00BA4D9F /* AddressBookSplitUITests */,
				E8C404291E37C8DB00BA4D9F /* Products */,
			);
			sourceTree = "<group>";
		};
		E8C404291E37C8DB00BA4D9F /* Products */ = {
			isa = PBXGroup;
			children = (
				E8C404281E37C8DB00BA4D9F /* AddressBookSplit.app */,
				E8C4043E1E37C8DB00BA4D9F /* AddressBookSplitTests.xctest */,
				E8C404491E37C8DB00BA4D9F /* AddressBookSplitUITests.xctest */,
			);
			name = Products;
			sourceTree = "<group>";
		};
		E8C4042A1E37C8DB00BA4D9F /* AddressBookSplit */ = {
			isa = PBXGroup;
			children = (
				E8C4042B1E37C8DB00BA4D9F /* AppDelegate.swift */,
				E8C4042D1E37C8DB00BA4D9F /* ContactListViewController.swift */,
				E8C4042F1E37C8DB00BA4D9F /* ContactDetailViewController.swift */,
				E8C4045F1E37CBAE00BA4D9F /* Contact.swift */,
				E8C404311E37C8DB00BA4D9F /* Main.storyboard */,
				E8C404341E37C8DB00BA4D9F /* Assets.xcassets */,
				E8C404361E37C8DB00BA4D9F /* LaunchScreen.storyboard */,
				E8C404391E37C8DB00BA4D9F /* Info.plist */,
			);
			path = AddressBookSplit;
			sourceTree = "<group>";
		};
		E8C404411E37C8DB00BA4D9F /* AddressBookSplitTests */ = {
			isa = PBXGroup;
			children = (
				E8C404421E37C8DB00BA4D9F /* AddressBookSplitTests.swift */,
				E8C404441E37C8DB00BA4D9F /* Info.plist */,
			);
			path = AddressBookSplitTests;
			sourceTree = "<group>";
		};
		E8C4044C1E37C8DB00BA4D9F /* AddressBookSplitUITests */ = {
			isa = PBXGroup;
			children = (
				E8C4044D1E37C8DB00BA4D9F /* AddressBookSplitUITests.swift */,
				E8C4044F1E37C8DB00BA4D9F /* Info.plist */,
			);
			path = AddressBookSplitUITests;
			sourceTree = "<group>";
		};
/* End PBXGroup section */

/* Begin PBXNativeTarget section */
		E8C404271E37C8DB00BA4D9F /* AddressBookSplit */ = {
			isa = PBXNativeTarget;
			buildConfigurationList = E8C404521E37C8DB00BA4D9F /* Build configuration list for PBXNativeTarget "AddressBookSplit" */;
			buildPhases = (
				E8C404241E37C8DB00BA4D9F /* Sources */,
				E8C404251E37C8DB00BA4D9F /* Frameworks */,
				E8C404261E37C8DB00BA4D9F /* Resources */,
			);
			buildRules = (
			);
			dependencies = (
			);
			name = AddressBookSplit;
			productName = AddressBookSplit;
			productReference = E8C404281E37C8DB00BA4D9F /* AddressBookSplit.app */;
			productType = "com.apple.product-type.application";
		};
		E8C4043D1E37C8DB00BA4D9F /* AddressBookSplitTests */ = {
			isa = PBXNativeTarget;
			buildConfigurationList = E8C404551E37C8DB00BA4D9F /* Build configuration list for PBXNativeTarget "AddressBookSplitTests" */;
			buildPhases = (
				E8C4043A1E37C8DB00BA4D9F /* Sources */,
				E8C4043B1E37C8DB00BA4D9F /* Frameworks */,
				E8C4043C1E37C8DB00BA4D9F /* Resources */,
			);
			buildRules = (
			);
			dependencies = (
				E8C404401E37C8DB00BA4D9F /* PBXTargetDependency */,
			);
			name = AddressBookSplitTests;
			productName = AddressBookSplitTests;
			productReference = E8C4043E1E37C8DB00BA4D9F /* AddressBookSplitTests.xctest */;
			productType = "com.apple.product-type.bundle.unit-test";
		};
		E8C404481E37C8DB00BA4D9F /* AddressBookSplitUITests */ = {
			isa = PBXNativeTarget;
			buildConfigurationList = E8C404581E37C8DB00BA4D9F /* Build configuration list for PBXNativeTarget "AddressBookSplitUITests" */;
			buildPhases = (
				E8C404451E37C8DB00BA4D9F /* Sources */,
				E8C404461E37C8DB00BA4D9F /* Frameworks */,
				E8C404471E37C8DB00BA4D9F /* Resources */,
			);
			buildRules = (
			);
			dependencies = (
				E8C4044B1E37C8DB00BA4D9F /* PBXTargetDependency */,
			);
			name = AddressBookSplitUITests;
			productName = AddressBookSplitUITests;
			productReference = E8C404491E37C8DB00BA4D9F /* AddressBookSplitUITests.xctest */;
			productType = "com.apple.product-type.bundle.ui-testing";
		};
/* End PBXNativeTarget section */

/* Begin PBXProject section */
		E8C404201E37C8DB00BA4D9F /* Project object */ = {
			isa = PBXProject;
			attributes = {
				LastSwiftUpdateCheck = 0820;
				LastUpgradeCheck = 0820;
				ORGANIZATIONNAME = dayj;
				TargetAttributes = {
					E8C404271E37C8DB00BA4D9F = {
						CreatedOnToolsVersion = 8.2.1;
						ProvisioningStyle = Automatic;
					};
					E8C4043D1E37C8DB00BA4D9F = {
						CreatedOnToolsVersion = 8.2.1;
						ProvisioningStyle = Automatic;
						TestTargetID = E8C404271E37C8DB00BA4D9F;
					};
					E8C404481E37C8DB00BA4D9F = {
						CreatedOnToolsVersion = 8.2.1;
						ProvisioningStyle = Automatic;
						TestTargetID = E8C404271E37C8DB00BA4D9F;
					};
				};
			};
			buildConfigurationList = E8C404231E37C8DB00BA4D9F /* Build configuration list for PBXProject "AddressBookSplit" */;
			compatibilityVersion = "Xcode 3.2";
			developmentRegion = English;
			hasScannedForEncodings = 0;
			knownRegions = (
				en,
				Base,
			);
			mainGroup = E8C4041F1E37C8DB00BA4D9F;
			productRefGroup = E8C404291E37C8DB00BA4D9F /* Products */;
			projectDirPath = "";
			projectRoot = "";
			targets = (
				E8C404271E37C8DB00BA4D9F /* AddressBookSplit */,
				E8C4043D1E37C8DB00BA4D9F /* AddressBookSplitTests */,
				E8C404481E37C8DB00BA4D9F /* AddressBookSplitUITests */,
			);
		};
/* End PBXProject section */

/* Begin PBXResourcesBuildPhase section */
		E8C404261E37C8DB00BA4D9F /* Resources */ = {
			isa = PBXResourcesBuildPhase;
			buildActionMask = 2147483647;
			files = (
				E8C404381E37C8DB00BA4D9F /* LaunchScreen.storyboard in Resources */,
				E8C404351E37C8DB00BA4D9F /* Assets.xcassets in Resources */,
				E8C404331E37C8DB00BA4D9F /* Main.storyboard in Resources */,
			);
			runOnlyForDeploymentPostprocessing = 0;
		};
		E8C4043C1E37C8DB00BA4D9F /* Resources */ = {
			isa = PBXResourcesBuildPhase;
			buildActionMask = 2147483647;
			files = (
			);
			runOnlyForDeploymentPostprocessing = 0;
		};
		E8C404471E37C8DB00BA4D9F /* Resources */ = {
			isa = PBXResourcesBuildPhase;
			buildActionMask = 2147483647;
			files = (
			);
			runOnlyForDeploymentPostprocessing = 0;
		};
/* End PBXResourcesBuildPhase section */

/* Begin PBXSourcesBuildPhase section */
		E8C404241E37C8DB00BA4D9F /* Sources */ = {
			isa = PBXSourcesBuildPhase;
			buildActionMask = 2147483647;
			files = (
				E8C404601E37CBAE00BA4D9F /* Contact.swift in Sources */,
				E8C404301E37C8DB00BA4D9F /* ContactDetailViewController.swift in Sources */,
				E8C4042E1E37C8DB00BA4D9F /* ContactListViewController.swift in Sources */,
				E8C4042C1E37C8DB00BA4D9F /* AppDelegate.swift in Sources */,
			);
			runOnlyForDeploymentPostprocessing = 0;
		};
		E8C4043A1E37C8DB00BA4D9F /* Sources */ = {
			isa = PBXSourcesBuildPhase;
			buildActionMask = 2147483647;
			files = (
				E8C404431E37C8DB00BA4D9F /* AddressBookSplitTests.swift in Sources */,
			);
			runOnlyForDeploymentPostprocessing = 0;
		};
		E8C404451E37C8DB00BA4D9F /* Sources */ = {
			isa = PBXSourcesBuildPhase;
			buildActionMask = 2147483647;
			files = (
				E8C4044E1E37C8DB00BA4D9F /* AddressBookSplitUITests.swift in Sources */,
			);
			runOnlyForDeploymentPostprocessing = 0;
		};
/* End PBXSourcesBuildPhase section */

/* Begin PBXTargetDependency section */
		E8C404401E37C8DB00BA4D9F /* PBXTargetDependency */ = {
			isa = PBXTargetDependency;
			target = E8C404271E37C8DB00BA4D9F /* AddressBookSplit */;
			targetProxy = E8C4043F1E37C8DB00BA4D9F /* PBXContainerItemProxy */;
		};
		E8C4044B1E37C8DB00BA4D9F /* PBXTargetDependency */ = {
			isa = PBXTargetDependency;
			target = E8C404271E37C8DB00BA4D9F /* AddressBookSplit */;
			targetProxy = E8C4044A1E37C8DB00BA4D9F /* PBXContainerItemProxy */;
		};
/* End PBXTargetDependency section */

/* Begin PBXVariantGroup section */
		E8C404311E37C8DB00BA4D9F /* Main.storyboard */ = {
			isa = PBXVariantGroup;
			children = (
				E8C404321E37C8DB00BA4D9F /* Base */,
			);
			name = Main.storyboard;
			sourceTree = "<group>";
		};
		E8C404361E37C8DB00BA4D9F /* LaunchScreen.storyboard */ = {
			isa = PBXVariantGroup;
			children = (
				E8C404371E37C8DB00BA4D9F /* Base */,
			);
			name = LaunchScreen.storyboard;
			sourceTree = "<group>";
		};
/* End PBXVariantGroup section */

/* Begin XCBuildConfiguration section */
		E8C404501E37C8DB00BA4D9F /* Debug */ = {
			isa = XCBuildConfiguration;
			buildSettings = {
				ALWAYS_SEARCH_USER_PATHS = NO;
				CLANG_ANALYZER_NONNULL = YES;
				CLANG_CXX_LANGUAGE_STANDARD = "gnu++0x";
				CLANG_CXX_LIBRARY = "libc++";
				CLANG_ENABLE_MODULES = YES;
				CLANG_ENABLE_OBJC_ARC = YES;
				CLANG_WARN_BOOL_CONVERSION = YES;
				CLANG_WARN_CONSTANT_CONVERSION = YES;
				CLANG_WARN_DIRECT_OBJC_ISA_USAGE = YES_ERROR;
				CLANG_WARN_DOCUMENTATION_COMMENTS = YES;
				CLANG_WARN_EMPTY_BODY = YES;
				CLANG_WARN_ENUM_CONVERSION = YES;
				CLANG_WARN_INFINITE_RECURSION = YES;
				CLANG_WARN_INT_CONVERSION = YES;
				CLANG_WARN_OBJC_ROOT_CLASS = YES_ERROR;
				CLANG_WARN_SUSPICIOUS_MOVE = YES;
				CLANG_WARN_UNREACHABLE_CODE = YES;
				CLANG_WARN__DUPLICATE_METHOD_MATCH = YES;
				"CODE_SIGN_IDENTITY[sdk=iphoneos*]" = "iPhone Developer";
				COPY_PHASE_STRIP = NO;
				DEBUG_INFORMATION_FORMAT = dwarf;
				ENABLE_STRICT_OBJC_MSGSEND = YES;
				ENABLE_TESTABILITY = YES;
				GCC_C_LANGUAGE_STANDARD = gnu99;
				GCC_DYNAMIC_NO_PIC = NO;
				GCC_NO_COMMON_BLOCKS = YES;
				GCC_OPTIMIZATION_LEVEL = 0;
				GCC_PREPROCESSOR_DEFINITIONS = (
					"DEBUG=1",
					"$(inherited)",
				);
				GCC_WARN_64_TO_32_BIT_CONVERSION = YES;
				GCC_WARN_ABOUT_RETURN_TYPE = YES_ERROR;
				GCC_WARN_UNDECLARED_SELECTOR = YES;
				GCC_WARN_UNINITIALIZED_AUTOS = YES_AGGRESSIVE;
				GCC_WARN_UNUSED_FUNCTION = YES;
				GCC_WARN_UNUSED_VARIABLE = YES;
				IPHONEOS_DEPLOYMENT_TARGET = 10.2;
				MTL_ENABLE_DEBUG_INFO = YES;
				ONLY_ACTIVE_ARCH = YES;
				SDKROOT = iphoneos;
				SWIFT_ACTIVE_COMPILATION_CONDITIONS = DEBUG;
				SWIFT_OPTIMIZATION_LEVEL = "-Onone";
			};
			name = Debug;
		};
		E8C404511E37C8DB00BA4D9F /* Release */ = {
			isa = XCBuildConfiguration;
			buildSettings = {
				ALWAYS_SEARCH_USER_PATHS = NO;
				CLANG_ANALYZER_NONNULL = YES;
				CLANG_CXX_LANGUAGE_STANDARD = "gnu++0x";
				CLANG_CXX_LIBRARY = "libc++";
				CLANG_ENABLE_MODULES = YES;
				CLANG_ENABLE_OBJC_ARC = YES;
				CLANG_WARN_BOOL_CONVERSION = YES;
				CLANG_WARN_CONSTANT_CONVERSION = YES;
				CLANG_WARN_DIRECT_OBJC_ISA_USAGE = YES_ERROR;
				CLANG_WARN_DOCUMENTATION_COMMENTS = YES;
				CLANG_WARN_EMPTY_BODY = YES;
				CLANG_WARN_ENUM_CONVERSION = YES;
				CLANG_WARN_INFINITE_RECURSION = YES;
				CLANG_WARN_INT_CONVERSION = YES;
				CLANG_WARN_OBJC_ROOT_CLASS = YES_ERROR;
				CLANG_WARN_SUSPICIOUS_MOVE = YES;
				CLANG_WARN_UNREACHABLE_CODE = YES;
				CLANG_WARN__DUPLICATE_METHOD_MATCH = YES;
				"CODE_SIGN_IDENTITY[sdk=iphoneos*]" = "iPhone Developer";
				COPY_PHASE_STRIP = NO;
				DEBUG_INFORMATION_FORMAT = "dwarf-with-dsym";
				ENABLE_NS_ASSERTIONS = NO;
				ENABLE_STRICT_OBJC_MSGSEND = YES;
				GCC_C_LANGUAGE_STANDARD = gnu99;
				GCC_NO_COMMON_BLOCKS = YES;
				GCC_WARN_64_TO_32_BIT_CONVERSION = YES;
				GCC_WARN_ABOUT_RETURN_TYPE = YES_ERROR;
				GCC_WARN_UNDECLARED_SELECTOR = YES;
				GCC_WARN_UNINITIALIZED_AUTOS = YES_AGGRESSIVE;
				GCC_WARN_UNUSED_FUNCTION = YES;
				GCC_WARN_UNUSED_VARIABLE = YES;
				IPHONEOS_DEPLOYMENT_TARGET = 10.2;
				MTL_ENABLE_DEBUG_INFO = NO;
				SDKROOT = iphoneos;
				SWIFT_OPTIMIZATION_LEVEL = "-Owholemodule";
				VALIDATE_PRODUCT = YES;
			};
			name = Release;
		};
		E8C404531E37C8DB00BA4D9F /* Debug */ = {
			isa = XCBuildConfiguration;
			buildSettings = {
				ASSETCATALOG_COMPILER_APPICON_NAME = AppIcon;
				INFOPLIST_FILE = AddressBookSplit/Info.plist;
				LD_RUNPATH_SEARCH_PATHS = "$(inherited) @executable_path/Frameworks";
				PRODUCT_BUNDLE_IDENTIFIER = dayj.AddressBookSplit;
				PRODUCT_NAME = "$(TARGET_NAME)";
				SWIFT_VERSION = 3.0;
			};
			name = Debug;
		};
		E8C404541E37C8DB00BA4D9F /* Release */ = {
			isa = XCBuildConfiguration;
			buildSettings = {
				ASSETCATALOG_COMPILER_APPICON_NAME = AppIcon;
				INFOPLIST_FILE = AddressBookSplit/Info.plist;
				LD_RUNPATH_SEARCH_PATHS = "$(inherited) @executable_path/Frameworks";
				PRODUCT_BUNDLE_IDENTIFIER = dayj.AddressBookSplit;
				PRODUCT_NAME = "$(TARGET_NAME)";
				SWIFT_VERSION = 3.0;
			};
			name = Release;
		};
		E8C404561E37C8DB00BA4D9F /* Debug */ = {
			isa = XCBuildConfiguration;
			buildSettings = {
				ALWAYS_EMBED_SWIFT_STANDARD_LIBRARIES = YES;
				BUNDLE_LOADER = "$(TEST_HOST)";
				INFOPLIST_FILE = AddressBookSplitTests/Info.plist;
				LD_RUNPATH_SEARCH_PATHS = "$(inherited) @executable_path/Frameworks @loader_path/Frameworks";
				PRODUCT_BUNDLE_IDENTIFIER = dayj.AddressBookSplitTests;
				PRODUCT_NAME = "$(TARGET_NAME)";
				SWIFT_VERSION = 3.0;
				TEST_HOST = "$(BUILT_PRODUCTS_DIR)/AddressBookSplit.app/AddressBookSplit";
			};
			name = Debug;
		};
		E8C404571E37C8DB00BA4D9F /* Release */ = {
			isa = XCBuildConfiguration;
			buildSettings = {
				ALWAYS_EMBED_SWIFT_STANDARD_LIBRARIES = YES;
				BUNDLE_LOADER = "$(TEST_HOST)";
				INFOPLIST_FILE = AddressBookSplitTests/Info.plist;
				LD_RUNPATH_SEARCH_PATHS = "$(inherited) @executable_path/Frameworks @loader_path/Frameworks";
				PRODUCT_BUNDLE_IDENTIFIER = dayj.AddressBookSplitTests;
				PRODUCT_NAME = "$(TARGET_NAME)";
				SWIFT_VERSION = 3.0;
				TEST_HOST = "$(BUILT_PRODUCTS_DIR)/AddressBookSplit.app/AddressBookSplit";
			};
			name = Release;
		};
		E8C404591E37C8DB00BA4D9F /* Debug */ = {
			isa = XCBuildConfiguration;
			buildSettings = {
				ALWAYS_EMBED_SWIFT_STANDARD_LIBRARIES = YES;
				INFOPLIST_FILE = AddressBookSplitUITests/Info.plist;
				LD_RUNPATH_SEARCH_PATHS = "$(inherited) @executable_path/Frameworks @loader_path/Frameworks";
				PRODUCT_BUNDLE_IDENTIFIER = dayj.AddressBookSplitUITests;
				PRODUCT_NAME = "$(TARGET_NAME)";
				SWIFT_VERSION = 3.0;
				TEST_TARGET_NAME = AddressBookSplit;
			};
			name = Debug;
		};
		E8C4045A1E37C8DB00BA4D9F /* Release */ = {
			isa = XCBuildConfiguration;
			buildSettings = {
				ALWAYS_EMBED_SWIFT_STANDARD_LIBRARIES = YES;
				INFOPLIST_FILE = AddressBookSplitUITests/Info.plist;
				LD_RUNPATH_SEARCH_PATHS = "$(inherited) @executable_path/Frameworks @loader_path/Frameworks";
				PRODUCT_BUNDLE_IDENTIFIER = dayj.AddressBookSplitUITests;
				PRODUCT_NAME = "$(TARGET_NAME)";
				SWIFT_VERSION = 3.0;
				TEST_TARGET_NAME = AddressBookSplit;
			};
			name = Release;
		};
/* End XCBuildConfiguration section */

/* Begin XCConfigurationList section */
		E8C404231E37C8DB00BA4D9F /* Build configuration list for PBXProject "AddressBookSplit" */ = {
			isa = XCConfigurationList;
			buildConfigurations = (
				E8C404501E37C8DB00BA4D9F /* Debug */,
				E8C404511E37C8DB00BA4D9F /* Release */,
			);
			defaultConfigurationIsVisible = 0;
			defaultConfigurationName = Release;
		};
		E8C404521E37C8DB00BA4D9F /* Build configuration list for PBXNativeTarget "AddressBookSplit" */ = {
			isa = XCConfigurationList;
			buildConfigurations = (
				E8C404531E37C8DB00BA4D9F /* Debug */,
				E8C404541E37C8DB00BA4D9F /* Release */,
			);
			defaultConfigurationIsVisible = 0;
		};
		E8C404551E37C8DB00BA4D9F /* Build configuration list for PBXNativeTarget "AddressBookSplitTests" */ = {
			isa = XCConfigurationList;
			buildConfigurations = (
				E8C404561E37C8DB00BA4D9F /* Debug */,
				E8C404571E37C8DB00BA4D9F /* Release */,
			);
			defaultConfigurationIsVisible = 0;
		};
		E8C404581E37C8DB00BA4D9F /* Build configuration list for PBXNativeTarget "AddressBookSplitUITests" */ = {
			isa = XCConfigurationList;
			buildConfigurations = (
				E8C404591E37C8DB00BA4D9F /* Debug */,
				E8C4045A1E37C8DB00BA4D9F /* Release */,
			);
			defaultConfigurationIsVisible = 0;
		};
/* End XCConfigurationList section */
	};
	rootObject = E8C404201E37C8DB00BA4D9F /* Project object */;
}
